// !$*UTF8*$!
{
	archiveVersion = 1;
	classes = {
	};
	objectVersion = 50;
	objects = {

/* Begin PBXBuildFile section */
		9090FDEB212B77310049D04B /* AppDelegate.swift in Sources */ = {isa = PBXBuildFile; fileRef = 9090FDEA212B77310049D04B /* AppDelegate.swift */; };
		9090FDED212B77310049D04B /* GoalsVC.swift in Sources */ = {isa = PBXBuildFile; fileRef = 9090FDEC212B77310049D04B /* GoalsVC.swift */; };
		9090FDF0212B77310049D04B /* Main.storyboard in Resources */ = {isa = PBXBuildFile; fileRef = 9090FDEE212B77310049D04B /* Main.storyboard */; };
		9090FDF3212B77310049D04B /* goalpost_app.xcdatamodeld in Sources */ = {isa = PBXBuildFile; fileRef = 9090FDF1212B77310049D04B /* goalpost_app.xcdatamodeld */; };
		9090FDF5212B77330049D04B /* Assets.xcassets in Resources */ = {isa = PBXBuildFile; fileRef = 9090FDF4212B77330049D04B /* Assets.xcassets */; };
		9090FDF8212B77330049D04B /* LaunchScreen.storyboard in Resources */ = {isa = PBXBuildFile; fileRef = 9090FDF6212B77330049D04B /* LaunchScreen.storyboard */; };
		90CABA4E213450DE00661B3B /* GoalCell.swift in Sources */ = {isa = PBXBuildFile; fileRef = 90CABA4D213450DE00661B3B /* GoalCell.swift */; };
		90CABA50213468F600661B3B /* GoalType.swift in Sources */ = {isa = PBXBuildFile; fileRef = 90CABA4F213468F600661B3B /* GoalType.swift */; };
		90CABA5221346FB300661B3B /* CreateGoalVC.swift in Sources */ = {isa = PBXBuildFile; fileRef = 90CABA5121346FB300661B3B /* CreateGoalVC.swift */; };
		90CABA54213470FC00661B3B /* UIViewControllerExt.swift in Sources */ = {isa = PBXBuildFile; fileRef = 90CABA53213470FC00661B3B /* UIViewControllerExt.swift */; };
/* End PBXBuildFile section */

/* Begin PBXFileReference section */
		9090FDE7212B77310049D04B /* goalpost-app.app */ = {isa = PBXFileReference; explicitFileType = wrapper.application; includeInIndex = 0; path = "goalpost-app.app"; sourceTree = BUILT_PRODUCTS_DIR; };
		9090FDEA212B77310049D04B /* AppDelegate.swift */ = {isa = PBXFileReference; lastKnownFileType = sourcecode.swift; path = AppDelegate.swift; sourceTree = "<group>"; };
		9090FDEC212B77310049D04B /* GoalsVC.swift */ = {isa = PBXFileReference; lastKnownFileType = sourcecode.swift; path = GoalsVC.swift; sourceTree = "<group>"; };
		9090FDEF212B77310049D04B /* Base */ = {isa = PBXFileReference; lastKnownFileType = file.storyboard; name = Base; path = Base.lproj/Main.storyboard; sourceTree = "<group>"; };
		9090FDF2212B77310049D04B /* goalpost_app.xcdatamodel */ = {isa = PBXFileReference; lastKnownFileType = wrapper.xcdatamodel; path = goalpost_app.xcdatamodel; sourceTree = "<group>"; };
		9090FDF4212B77330049D04B /* Assets.xcassets */ = {isa = PBXFileReference; lastKnownFileType = folder.assetcatalog; path = Assets.xcassets; sourceTree = "<group>"; };
		9090FDF7212B77330049D04B /* Base */ = {isa = PBXFileReference; lastKnownFileType = file.storyboard; name = Base; path = Base.lproj/LaunchScreen.storyboard; sourceTree = "<group>"; };
		9090FDF9212B77330049D04B /* Info.plist */ = {isa = PBXFileReference; lastKnownFileType = text.plist.xml; path = Info.plist; sourceTree = "<group>"; };
		90CABA4D213450DE00661B3B /* GoalCell.swift */ = {isa = PBXFileReference; lastKnownFileType = sourcecode.swift; path = GoalCell.swift; sourceTree = "<group>"; };
		90CABA4F213468F600661B3B /* GoalType.swift */ = {isa = PBXFileReference; lastKnownFileType = sourcecode.swift; path = GoalType.swift; sourceTree = "<group>"; };
		90CABA5121346FB300661B3B /* CreateGoalVC.swift */ = {isa = PBXFileReference; lastKnownFileType = sourcecode.swift; path = CreateGoalVC.swift; sourceTree = "<group>"; };
		90CABA53213470FC00661B3B /* UIViewControllerExt.swift */ = {isa = PBXFileReference; lastKnownFileType = sourcecode.swift; path = UIViewControllerExt.swift; sourceTree = "<group>"; };
/* End PBXFileReference section */

/* Begin PBXFrameworksBuildPhase section */
		9090FDE4212B77310049D04B /* Frameworks */ = {
			isa = PBXFrameworksBuildPhase;
			buildActionMask = 2147483647;
			files = (
			);
			runOnlyForDeploymentPostprocessing = 0;
		};
/* End PBXFrameworksBuildPhase section */

/* Begin PBXGroup section */
		9090FDDE212B77310049D04B = {
			isa = PBXGroup;
			children = (
				9090FDE9212B77310049D04B /* goalpost-app */,
				9090FDE8212B77310049D04B /* Products */,
			);
			sourceTree = "<group>";
		};
		9090FDE8212B77310049D04B /* Products */ = {
			isa = PBXGroup;
			children = (
				9090FDE7212B77310049D04B /* goalpost-app.app */,
			);
			name = Products;
			sourceTree = "<group>";
		};
		9090FDE9212B77310049D04B /* goalpost-app */ = {
			isa = PBXGroup;
			children = (
				9090FE02212B777F0049D04B /* Extensions */,
				9090FE01212B77780049D04B /* Enums */,
				9090FE00212B77570049D04B /* View */,
				9090FDFF212B77480049D04B /* Controller */,
				9090FDEA212B77310049D04B /* AppDelegate.swift */,
				9090FDEE212B77310049D04B /* Main.storyboard */,
				9090FDF4212B77330049D04B /* Assets.xcassets */,
				9090FDF6212B77330049D04B /* LaunchScreen.storyboard */,
				9090FDF9212B77330049D04B /* Info.plist */,
				9090FDF1212B77310049D04B /* goalpost_app.xcdatamodeld */,
			);
			path = "goalpost-app";
			sourceTree = "<group>";
		};
		9090FDFF212B77480049D04B /* Controller */ = {
			isa = PBXGroup;
			children = (
				9090FDEC212B77310049D04B /* GoalsVC.swift */,
				90CABA5121346FB300661B3B /* CreateGoalVC.swift */,
			);
			path = Controller;
			sourceTree = "<group>";
		};
		9090FE00212B77570049D04B /* View */ = {
			isa = PBXGroup;
			children = (
				90CABA4D213450DE00661B3B /* GoalCell.swift */,
			);
			path = View;
			sourceTree = "<group>";
		};
		9090FE01212B77780049D04B /* Enums */ = {
			isa = PBXGroup;
			children = (
				90CABA4F213468F600661B3B /* GoalType.swift */,
			);
			path = Enums;
			sourceTree = "<group>";
		};
		9090FE02212B777F0049D04B /* Extensions */ = {
			isa = PBXGroup;
			children = (
				90CABA53213470FC00661B3B /* UIViewControllerExt.swift */,
			);
			path = Extensions;
			sourceTree = "<group>";
		};
/* End PBXGroup section */

/* Begin PBXNativeTarget section */
		9090FDE6212B77310049D04B /* goalpost-app */ = {
			isa = PBXNativeTarget;
			buildConfigurationList = 9090FDFC212B77330049D04B /* Build configuration list for PBXNativeTarget "goalpost-app" */;
			buildPhases = (
				9090FDE3212B77310049D04B /* Sources */,
				9090FDE4212B77310049D04B /* Frameworks */,
				9090FDE5212B77310049D04B /* Resources */,
			);
			buildRules = (
			);
			dependencies = (
			);
			name = "goalpost-app";
			productName = "goalpost-app";
			productReference = 9090FDE7212B77310049D04B /* goalpost-app.app */;
			productType = "com.apple.product-type.application";
		};
/* End PBXNativeTarget section */

/* Begin PBXProject section */
		9090FDDF212B77310049D04B /* Project object */ = {
			isa = PBXProject;
			attributes = {
				LastSwiftUpdateCheck = 0940;
				LastUpgradeCheck = 0940;
				ORGANIZATIONNAME = "Richard Cummings";
				TargetAttributes = {
					9090FDE6212B77310049D04B = {
						CreatedOnToolsVersion = 9.4.1;
					};
				};
			};
			buildConfigurationList = 9090FDE2212B77310049D04B /* Build configuration list for PBXProject "goalpost-app" */;
			compatibilityVersion = "Xcode 9.3";
			developmentRegion = en;
			hasScannedForEncodings = 0;
			knownRegions = (
				en,
				Base,
			);
			mainGroup = 9090FDDE212B77310049D04B;
			productRefGroup = 9090FDE8212B77310049D04B /* Products */;
			projectDirPath = "";
			projectRoot = "";
			targets = (
				9090FDE6212B77310049D04B /* goalpost-app */,
			);
		};
/* End PBXProject section */

/* Begin PBXResourcesBuildPhase section */
		9090FDE5212B77310049D04B /* Resources */ = {
			isa = PBXResourcesBuildPhase;
			buildActionMask = 2147483647;
			files = (
				9090FDF8212B77330049D04B /* LaunchScreen.storyboard in Resources */,
				9090FDF5212B77330049D04B /* Assets.xcassets in Resources */,
				9090FDF0212B77310049D04B /* Main.storyboard in Resources */,
			);
			runOnlyForDeploymentPostprocessing = 0;
		};
/* End PBXResourcesBuildPhase section */

/* Begin PBXSourcesBuildPhase section */
		9090FDE3212B77310049D04B /* Sources */ = {
			isa = PBXSourcesBuildPhase;
			buildActionMask = 2147483647;
			files = (
				90CABA4E213450DE00661B3B /* GoalCell.swift in Sources */,
				90CABA5221346FB300661B3B /* CreateGoalVC.swift in Sources */,
				90CABA50213468F600661B3B /* GoalType.swift in Sources */,
				9090FDED212B77310049D04B /* GoalsVC.swift in Sources */,
				9090FDEB212B77310049D04B /* AppDelegate.swift in Sources */,
				90CABA54213470FC00661B3B /* UIViewControllerExt.swift in Sources */,
				9090FDF3212B77310049D04B /* goalpost_app.xcdatamodeld in Sources */,
			);
			runOnlyForDeploymentPostprocessing = 0;
		};
/* End PBXSourcesBuildPhase section */

/* Begin PBXVariantGroup section */
		9090FDEE212B77310049D04B /* Main.storyboard */ = {
			isa = PBXVariantGroup;
			children = (
				9090FDEF212B77310049D04B /* Base */,
			);
			name = Main.storyboard;
			sourceTree = "<group>";
		};
		9090FDF6212B77330049D04B /* LaunchScreen.storyboard */ = {
			isa = PBXVariantGroup;
			children = (
				9090FDF7212B77330049D04B /* Base */,
			);
			name = LaunchScreen.storyboard;
			sourceTree = "<group>";
		};
/* End PBXVariantGroup section */

/* Begin XCBuildConfiguration section */
		9090FDFA212B77330049D04B /* Debug */ = {
			isa = XCBuildConfiguration;
			buildSettings = {
				ALWAYS_SEARCH_USER_PATHS = NO;
				CLANG_ANALYZER_NONNULL = YES;
				CLANG_ANALYZER_NUMBER_OBJECT_CONVERSION = YES_AGGRESSIVE;
				CLANG_CXX_LANGUAGE_STANDARD = "gnu++14";
				CLANG_CXX_LIBRARY = "libc++";
				CLANG_ENABLE_MODULES = YES;
				CLANG_ENABLE_OBJC_ARC = YES;
				CLANG_ENABLE_OBJC_WEAK = YES;
				CLANG_WARN_BLOCK_CAPTURE_AUTORELEASING = YES;
				CLANG_WARN_BOOL_CONVERSION = YES;
				CLANG_WARN_COMMA = YES;
				CLANG_WARN_CONSTANT_CONVERSION = YES;
				CLANG_WARN_DEPRECATED_OBJC_IMPLEMENTATIONS = YES;
				CLANG_WARN_DIRECT_OBJC_ISA_USAGE = YES_ERROR;
				CLANG_WARN_DOCUMENTATION_COMMENTS = YES;
				CLANG_WARN_EMPTY_BODY = YES;
				CLANG_WARN_ENUM_CONVERSION = YES;
				CLANG_WARN_INFINITE_RECURSION = YES;
				CLANG_WARN_INT_CONVERSION = YES;
				CLANG_WARN_NON_LITERAL_NULL_CONVERSION = YES;
				CLANG_WARN_OBJC_IMPLICIT_RETAIN_SELF = YES;
				CLANG_WARN_OBJC_LITERAL_CONVERSION = YES;
				CLANG_WARN_OBJC_ROOT_CLASS = YES_ERROR;
				CLANG_WARN_RANGE_LOOP_ANALYSIS = YES;
				CLANG_WARN_STRICT_PROTOTYPES = YES;
				CLANG_WARN_SUSPICIOUS_MOVE = YES;
				CLANG_WARN_UNGUARDED_AVAILABILITY = YES_AGGRESSIVE;
				CLANG_WARN_UNREACHABLE_CODE = YES;
				CLANG_WARN__DUPLICATE_METHOD_MATCH = YES;
				CODE_SIGN_IDENTITY = "iPhone Developer";
				COPY_PHASE_STRIP = NO;
				DEBUG_INFORMATION_FORMAT = dwarf;
				ENABLE_STRICT_OBJC_MSGSEND = YES;
				ENABLE_TESTABILITY = YES;
				GCC_C_LANGUAGE_STANDARD = gnu11;
				GCC_DYNAMIC_NO_PIC = NO;
				GCC_NO_COMMON_BLOCKS = YES;
				GCC_OPTIMIZATION_LEVEL = 0;
				GCC_PREPROCESSOR_DEFINITIONS = (
					"DEBUG=1",
					"$(inherited)",
				);
				GCC_WARN_64_TO_32_BIT_CONVERSION = YES;
				GCC_WARN_ABOUT_RETURN_TYPE = YES_ERROR;
				GCC_WARN_UNDECLARED_SELECTOR = YES;
				GCC_WARN_UNINITIALIZED_AUTOS = YES_AGGRESSIVE;
				GCC_WARN_UNUSED_FUNCTION = YES;
				GCC_WARN_UNUSED_VARIABLE = YES;
				IPHONEOS_DEPLOYMENT_TARGET = 11.4;
				MTL_ENABLE_DEBUG_INFO = YES;
				ONLY_ACTIVE_ARCH = YES;
				SDKROOT = iphoneos;
				SWIFT_ACTIVE_COMPILATION_CONDITIONS = DEBUG;
				SWIFT_OPTIMIZATION_LEVEL = "-Onone";
			};
			name = Debug;
		};
		9090FDFB212B77330049D04B /* Release */ = {
			isa = XCBuildConfiguration;
			buildSettings = {
				ALWAYS_SEARCH_USER_PATHS = NO;
				CLANG_ANALYZER_NONNULL = YES;
				CLANG_ANALYZER_NUMBER_OBJECT_CONVERSION = YES_AGGRESSIVE;
				CLANG_CXX_LANGUAGE_STANDARD = "gnu++14";
				CLANG_CXX_LIBRARY = "libc++";
				CLANG_ENABLE_MODULES = YES;
				CLANG_ENABLE_OBJC_ARC = YES;
				CLANG_ENABLE_OBJC_WEAK = YES;
				CLANG_WARN_BLOCK_CAPTURE_AUTORELEASING = YES;
				CLANG_WARN_BOOL_CONVERSION = YES;
				CLANG_WARN_COMMA = YES;
				CLANG_WARN_CONSTANT_CONVERSION = YES;
				CLANG_WARN_DEPRECATED_OBJC_IMPLEMENTATIONS = YES;
				CLANG_WARN_DIRECT_OBJC_ISA_USAGE = YES_ERROR;
				CLANG_WARN_DOCUMENTATION_COMMENTS = YES;
				CLANG_WARN_EMPTY_BODY = YES;
				CLANG_WARN_ENUM_CONVERSION = YES;
				CLANG_WARN_INFINITE_RECURSION = YES;
				CLANG_WARN_INT_CONVERSION = YES;
				CLANG_WARN_NON_LITERAL_NULL_CONVERSION = YES;
				CLANG_WARN_OBJC_IMPLICIT_RETAIN_SELF = YES;
				CLANG_WARN_OBJC_LITERAL_CONVERSION = YES;
				CLANG_WARN_OBJC_ROOT_CLASS = YES_ERROR;
				CLANG_WARN_RANGE_LOOP_ANALYSIS = YES;
				CLANG_WARN_STRICT_PROTOTYPES = YES;
				CLANG_WARN_SUSPICIOUS_MOVE = YES;
				CLANG_WARN_UNGUARDED_AVAILABILITY = YES_AGGRESSIVE;
				CLANG_WARN_UNREACHABLE_CODE = YES;
				CLANG_WARN__DUPLICATE_METHOD_MATCH = YES;
				CODE_SIGN_IDENTITY = "iPhone Developer";
				COPY_PHASE_STRIP = NO;
				DEBUG_INFORMATION_FORMAT = "dwarf-with-dsym";
				ENABLE_NS_ASSERTIONS = NO;
				ENABLE_STRICT_OBJC_MSGSEND = YES;
				GCC_C_LANGUAGE_STANDARD = gnu11;
				GCC_NO_COMMON_BLOCKS = YES;
				GCC_WARN_64_TO_32_BIT_CONVERSION = YES;
				GCC_WARN_ABOUT_RETURN_TYPE = YES_ERROR;
				GCC_WARN_UNDECLARED_SELECTOR = YES;
				GCC_WARN_UNINITIALIZED_AUTOS = YES_AGGRESSIVE;
				GCC_WARN_UNUSED_FUNCTION = YES;
				GCC_WARN_UNUSED_VARIABLE = YES;
				IPHONEOS_DEPLOYMENT_TARGET = 11.4;
				MTL_ENABLE_DEBUG_INFO = NO;
				SDKROOT = iphoneos;
				SWIFT_COMPILATION_MODE = wholemodule;
				SWIFT_OPTIMIZATION_LEVEL = "-O";
				VALIDATE_PRODUCT = YES;
			};
			name = Release;
		};
		9090FDFD212B77330049D04B /* Debug */ = {
			isa = XCBuildConfiguration;
			buildSettings = {
				ASSETCATALOG_COMPILER_APPICON_NAME = AppIcon;
				CODE_SIGN_STYLE = Automatic;
				DEVELOPMENT_TEAM = 2CMDWTBYBU;
				INFOPLIST_FILE = "goalpost-app/Info.plist";
				LD_RUNPATH_SEARCH_PATHS = (
					"$(inherited)",
					"@executable_path/Frameworks",
				);
				PRODUCT_BUNDLE_IDENTIFIER = "com.specs.goalpost-app";
				PRODUCT_NAME = "$(TARGET_NAME)";
				SWIFT_VERSION = 4.0;
				TARGETED_DEVICE_FAMILY = "1,2";
			};
			name = Debug;
		};
		9090FDFE212B77330049D04B /* Release */ = {
			isa = XCBuildConfiguration;
			buildSettings = {
				ASSETCATALOG_COMPILER_APPICON_NAME = AppIcon;
				CODE_SIGN_STYLE = Automatic;
				DEVELOPMENT_TEAM = 2CMDWTBYBU;
				INFOPLIST_FILE = "goalpost-app/Info.plist";
				LD_RUNPATH_SEARCH_PATHS = (
					"$(inherited)",
					"@executable_path/Frameworks",
				);
				PRODUCT_BUNDLE_IDENTIFIER = "com.specs.goalpost-app";
				PRODUCT_NAME = "$(TARGET_NAME)";
				SWIFT_VERSION = 4.0;
				TARGETED_DEVICE_FAMILY = "1,2";
			};
			name = Release;
		};
/* End XCBuildConfiguration section */

/* Begin XCConfigurationList section */
		9090FDE2212B77310049D04B /* Build configuration list for PBXProject "goalpost-app" */ = {
			isa = XCConfigurationList;
			buildConfigurations = (
				9090FDFA212B77330049D04B /* Debug */,
				9090FDFB212B77330049D04B /* Release */,
			);
			defaultConfigurationIsVisible = 0;
			defaultConfigurationName = Release;
		};
		9090FDFC212B77330049D04B /* Build configuration list for PBXNativeTarget "goalpost-app" */ = {
			isa = XCConfigurationList;
			buildConfigurations = (
				9090FDFD212B77330049D04B /* Debug */,
				9090FDFE212B77330049D04B /* Release */,
			);
			defaultConfigurationIsVisible = 0;
			defaultConfigurationName = Release;
		};
/* End XCConfigurationList section */

/* Begin XCVersionGroup section */
		9090FDF1212B77310049D04B /* goalpost_app.xcdatamodeld */ = {
			isa = XCVersionGroup;
			children = (
				9090FDF2212B77310049D04B /* goalpost_app.xcdatamodel */,
			);
			currentVersion = 9090FDF2212B77310049D04B /* goalpost_app.xcdatamodel */;
			path = goalpost_app.xcdatamodeld;
			sourceTree = "<group>";
			versionGroupType = wrapper.xcdatamodel;
		};
/* End XCVersionGroup section */
	};
	rootObject = 9090FDDF212B77310049D04B /* Project object */;
}
